
Microsoft Visual Studio Solution File, Format Version 12.00
# Visual Studio Version 17
VisualStudioVersion = 17.2.32616.157
MinimumVisualStudioVersion = 10.0.40219.1
Project("{FAE04EC0-301F-11D3-BF4B-00C04F79EFBC}") = "Practice02", "Practice02\Practice02.csproj", "{4A6BDC07-306D-4CF2-BCDE-9F9784D38217}"
EndProject
Global
	GlobalSection(SolutionConfigurationPlatforms) = preSolution
		Debug|Any CPU = Debug|Any CPU
		Release|Any CPU = Release|Any CPU
	EndGlobalSection
	GlobalSection(ProjectConfigurationPlatforms) = postSolution
		{4A6BDC07-306D-4CF2-BCDE-9F9784D38217}.Debug|Any CPU.ActiveCfg = Debug|Any CPU
		{4A6BDC07-306D-4CF2-BCDE-9F9784D38217}.Debug|Any CPU.Build.0 = Debug|Any CPU
		{4A6BDC07-306D-4CF2-BCDE-9F9784D38217}.Release|Any CPU.ActiveCfg = Release|Any CPU
		{4A6BDC07-306D-4CF2-BCDE-9F9784D38217}.Release|Any CPU.Build.0 = Release|Any CPU
	EndGlobalSection
	GlobalSection(SolutionProperties) = preSolution
		HideSolutionNode = FALSE
	EndGlobalSection
	GlobalSection(ExtensibilityGlobals) = postSolution
		SolutionGuid = {E73F62FD-A753-4069-8B0D-1520D19CF927}
	EndGlobalSection
EndGlobal
